
Microsoft Visual Studio Solution File, Format Version 12.00
# Visual Studio Version 16
VisualStudioVersion = 16.0.29911.84
MinimumVisualStudioVersion = 10.0.40219.1
Project("{FAE04EC0-301F-11D3-BF4B-00C04F79EFBC}") = "CathalMcGivney_s00190028", "CathalMcGivney_s00190028\CathalMcGivney_s00190028.csproj", "{44817ABD-0AD1-43F0-94B4-8EF4DA57457C}"
EndProject
Project("{FAE04EC0-301F-11D3-BF4B-00C04F79EFBC}") = "CathalMcGivney_s00190028_Test", "CathalMcGivney_s00190028_Test\CathalMcGivney_s00190028_Test.csproj", "{C61D0EEE-585A-4AE4-93F6-10E2FD4E3FB9}"
EndProject
Global
	GlobalSection(SolutionConfigurationPlatforms) = preSolution
		Debug|Any CPU = Debug|Any CPU
		Release|Any CPU = Release|Any CPU
	EndGlobalSection
	GlobalSection(ProjectConfigurationPlatforms) = postSolution
		{44817ABD-0AD1-43F0-94B4-8EF4DA57457C}.Debug|Any CPU.ActiveCfg = Debug|Any CPU
		{44817ABD-0AD1-43F0-94B4-8EF4DA57457C}.Debug|Any CPU.Build.0 = Debug|Any CPU
		{44817ABD-0AD1-43F0-94B4-8EF4DA57457C}.Release|Any CPU.ActiveCfg = Release|Any CPU
		{44817ABD-0AD1-43F0-94B4-8EF4DA57457C}.Release|Any CPU.Build.0 = Release|Any CPU
		{C61D0EEE-585A-4AE4-93F6-10E2FD4E3FB9}.Debug|Any CPU.ActiveCfg = Debug|Any CPU
		{C61D0EEE-585A-4AE4-93F6-10E2FD4E3FB9}.Debug|Any CPU.Build.0 = Debug|Any CPU
		{C61D0EEE-585A-4AE4-93F6-10E2FD4E3FB9}.Release|Any CPU.ActiveCfg = Release|Any CPU
		{C61D0EEE-585A-4AE4-93F6-10E2FD4E3FB9}.Release|Any CPU.Build.0 = Release|Any CPU
	EndGlobalSection
	GlobalSection(SolutionProperties) = preSolution
		HideSolutionNode = FALSE
	EndGlobalSection
	GlobalSection(ExtensibilityGlobals) = postSolution
		SolutionGuid = {C13DBFB3-D6E8-414C-927A-1BBC91567190}
	EndGlobalSection
EndGlobal
